github.com/gethinode/mod-flexsearch v1.12.1 h1:clkGUWaNPe9Dt/66Apy7oH9NwVQfnD6OpGSLffeC9sY=
github.com/gethinode/mod-flexsearch v1.12.1/go.mod h1:L8hrnpupx27cez2ObMX8gWnhbW6qss4HGH1Ea4UaBRQ=
github.com/imfing/hextra v0.9.4 h1:k1KEC2mtYbMVBMOYUYK5Yy8pNPpIH3u6pBTRyBSN6No=
github.com/imfing/hextra v0.9.4/go.mod h1:cEfel3lU/bSx7lTE/+uuR4GJaphyOyiwNR3PTqFTXpI=
